#
# This file is autogenerated by pip-compile with Python 3.12
# by the following command:
#
#    pip-compile --output-file=requirements-ci.lock --strip-extras requirements-ci.in
#
beautifulsoup4==4.15.0
    # via yfinance
certifi==2026.7.22
    # via
    #   curl-cffi
    #   requests
cffi==2.1.1
    # via curl-cffi
charset-normalizer==3.5.1
    # via requests
curl-cffi==0.16.2
    # via yfinance
et-xmlfile==2.0.0
    # via openpyxl
hmmlearn==0.3.3
    # via -r requirements.txt
idna==3.19
    # via requests
iniconfig==2.3.0
    # via pytest
joblib==1.5.3
    # via scikit-learn
lxml==6.1.2
    # via yfinance
multitasking==0.0.13
    # via yfinance
narwhals==2.25.0
    # via scikit-learn
numpy==2.5.2
    # via
    #   -r requirements.txt
    #   hmmlearn
    #   pandas
    #   scikit-learn
    #   scipy
    #   yfinance
openpyxl==3.1.5
    # via -r requirements.txt
packaging==26.3
    # via pytest
pandas==3.0.5
    # via
    #   -r requirements.txt
    #   yfinance
peewee==4.4.0
    # via yfinance
platformdirs==4.11.4
    # via yfinance
pluggy==1.6.0
    # via pytest
protobuf==7.36.0
    # via yfinance
psycopg==3.3.4
    # via -r requirements.txt
psycopg-binary==3.3.4
    # via psycopg
pycparser==3.0
    # via cffi
pygments==2.21.0
    # via pytest
pytest==9.1.1
    # via -r requirements-ci.in
python-dateutil==2.9.0.post0
    # via pandas
pytz==2026.3.post1
    # via yfinance
pyyaml==6.0.3
    # via -r requirements.txt
requests==2.34.2
    # via
    #   -r requirements.txt
    #   yfinance
scikit-learn==1.9.0
    # via
    #   -r requirements.txt
    #   hmmlearn
scipy==1.18.1
    # via
    #   hmmlearn
    #   scikit-learn
six==1.17.0
    # via python-dateutil
soupsieve==2.9.2
    # via beautifulsoup4
threadpoolctl==3.6.0
    # via scikit-learn
typing-extensions==4.16.0
    # via
    #   beautifulsoup4
    #   psycopg
urllib3==2.7.0
    # via requests
websockets==17.0.1
    # via yfinance
yfinance==1.6.0
    # via -r requirements.txt
